// !$*UTF8*$!
{
	archiveVersion = 1;
	classes = {
	};
	objectVersion = 77;
	objects = {

/* Begin PBXBuildFile section */
		EA2A10072DFA2B20007831D5 /* DogTagClient in Frameworks */ = {isa = PBXBuildFile; productRef = EA2A10062DFA2B20007831D5 /* DogTagClient */; };
		EA2A10122DFA31D9007831D5 /* DogTagClient in Frameworks */ = {isa = PBXBuildFile; productRef = EA2A10112DFA31D9007831D5 /* DogTagClient */; };
		EA2A10152DFA320E007831D5 /* DogTagClient in Frameworks */ = {isa = PBXBuildFile; productRef = EA2A10142DFA320E007831D5 /* DogTagClient */; };
		EA4EDDF22DFE5F0900144989 /* DogTagStorage in Frameworks */ = {isa = PBXBuildFile; productRef = EA4EDDF12DFE5F0900144989 /* DogTagStorage */; };
		EA7FA4CF2E2C9A18006501F6 /* DogTagClient in Frameworks */ = {isa = PBXBuildFile; productRef = EA7FA4CE2E2C9A18006501F6 /* DogTagClient */; };
/* End PBXBuildFile section */

/* Begin PBXFileReference section */
		EAEA33AB2DF9BEAF0057E2CB /* WebWidow.app */ = {isa = PBXFileReference; explicitFileType = wrapper.application; includeInIndex = 0; path = WebWidow.app; sourceTree = BUILT_PRODUCTS_DIR; };
/* End PBXFileReference section */

/* Begin PBXFileSystemSynchronizedRootGroup section */
		EAEA33AD2DF9BEAF0057E2CB /* WebMan */ = {
			isa = PBXFileSystemSynchronizedRootGroup;
			path = WebMan;
			sourceTree = "<group>";
		};
/* End PBXFileSystemSynchronizedRootGroup section */

/* Begin PBXFrameworksBuildPhase section */
		EAEA33A82DF9BEAF0057E2CB /* Frameworks */ = {
			isa = PBXFrameworksBuildPhase;
			buildActionMask = 2147483647;
			files = (
				EA4EDDF22DFE5F0900144989 /* DogTagStorage in Frameworks */,
				EA2A10152DFA320E007831D5 /* DogTagClient in Frameworks */,
				EA7FA4CF2E2C9A18006501F6 /* DogTagClient in Frameworks */,
				EA2A10072DFA2B20007831D5 /* DogTagClient in Frameworks */,
				EA2A10122DFA31D9007831D5 /* DogTagClient in Frameworks */,
			);
			runOnlyForDeploymentPostprocessing = 0;
		};
/* End PBXFrameworksBuildPhase section */

/* Begin PBXGroup section */
		EAEA33A22DF9BEAF0057E2CB = {
			isa = PBXGroup;
			children = (
				EAEA33AD2DF9BEAF0057E2CB /* WebMan */,
				EAEA33AC2DF9BEAF0057E2CB /* Products */,
			);
			sourceTree = "<group>";
		};
		EAEA33AC2DF9BEAF0057E2CB /* Products */ = {
			isa = PBXGroup;
			children = (
				EAEA33AB2DF9BEAF0057E2CB /* WebWidow.app */,
			);
			name = Products;
			sourceTree = "<group>";
		};
/* End PBXGroup section */

/* Begin PBXNativeTarget section */
		EAEA33AA2DF9BEAF0057E2CB /* WebWidow */ = {
			isa = PBXNativeTarget;
			buildConfigurationList = EAEA33B82DF9BEAF0057E2CB /* Build configuration list for PBXNativeTarget "WebWidow" */;
			buildPhases = (
				EAEA33A72DF9BEAF0057E2CB /* Sources */,
				EAEA33A82DF9BEAF0057E2CB /* Frameworks */,
				EAEA33A92DF9BEAF0057E2CB /* Resources */,
			);
			buildRules = (
			);
			dependencies = (
			);
			fileSystemSynchronizedGroups = (
				EAEA33AD2DF9BEAF0057E2CB /* WebMan */,
			);
			name = WebWidow;
			packageProductDependencies = (
				EA2A10062DFA2B20007831D5 /* DogTagClient */,
				EA2A10112DFA31D9007831D5 /* DogTagClient */,
				EA2A10142DFA320E007831D5 /* DogTagClient */,
				EA4EDDF12DFE5F0900144989 /* DogTagStorage */,
				EA7FA4CE2E2C9A18006501F6 /* DogTagClient */,
			);
			productName = WebMan;
			productReference = EAEA33AB2DF9BEAF0057E2CB /* WebWidow.app */;
			productType = "com.apple.product-type.application";
		};
/* End PBXNativeTarget section */

/* Begin PBXProject section */
		EAEA33A32DF9BEAF0057E2CB /* Project object */ = {
			isa = PBXProject;
			attributes = {
				BuildIndependentTargetsInParallel = 1;
				LastSwiftUpdateCheck = 1630;
				LastUpgradeCheck = 1630;
				TargetAttributes = {
					EAEA33AA2DF9BEAF0057E2CB = {
						CreatedOnToolsVersion = 16.3;
					};
				};
			};
			buildConfigurationList = EAEA33A62DF9BEAF0057E2CB /* Build configuration list for PBXProject "WebWidow" */;
			developmentRegion = en;
			hasScannedForEncodings = 0;
			knownRegions = (
				en,
				Base,
			);
			mainGroup = EAEA33A22DF9BEAF0057E2CB;
			minimizedProjectReferenceProxies = 1;
			packageReferences = (
				EA7FA4CD2E2C9A18006501F6 /* XCRemoteSwiftPackageReference "DogTagClient" */,
			);
			preferredProjectObjectVersion = 77;
			productRefGroup = EAEA33AC2DF9BEAF0057E2CB /* Products */;
			projectDirPath = "";
			projectRoot = "";
			targets = (
				EAEA33AA2DF9BEAF0057E2CB /* WebWidow */,
			);
		};
/* End PBXProject section */

/* Begin PBXResourcesBuildPhase section */
		EAEA33A92DF9BEAF0057E2CB /* Resources */ = {
			isa = PBXResourcesBuildPhase;
			buildActionMask = 2147483647;
			files = (
			);
			runOnlyForDeploymentPostprocessing = 0;
		};
/* End PBXResourcesBuildPhase section */

/* Begin PBXSourcesBuildPhase section */
		EAEA33A72DF9BEAF0057E2CB /* Sources */ = {
			isa = PBXSourcesBuildPhase;
			buildActionMask = 2147483647;
			files = (
			);
			runOnlyForDeploymentPostprocessing = 0;
		};
/* End PBXSourcesBuildPhase section */

/* Begin XCBuildConfiguration section */
		EAEA33B62DF9BEAF0057E2CB /* Debug */ = {
			isa = XCBuildConfiguration;
			buildSettings = {
				ALWAYS_SEARCH_USER_PATHS = NO;
				ASSETCATALOG_COMPILER_GENERATE_SWIFT_ASSET_SYMBOL_EXTENSIONS = YES;
				CLANG_ANALYZER_NONNULL = YES;
				CLANG_ANALYZER_NUMBER_OBJECT_CONVERSION = YES_AGGRESSIVE;
				CLANG_CXX_LANGUAGE_STANDARD = "gnu++20";
				CLANG_ENABLE_MODULES = YES;
				CLANG_ENABLE_OBJC_ARC = YES;
				CLANG_ENABLE_OBJC_WEAK = YES;
				CLANG_WARN_BLOCK_CAPTURE_AUTORELEASING = YES;
				CLANG_WARN_BOOL_CONVERSION = YES;
				CLANG_WARN_COMMA = YES;
				CLANG_WARN_CONSTANT_CONVERSION = YES;
				CLANG_WARN_DEPRECATED_OBJC_IMPLEMENTATIONS = YES;
				CLANG_WARN_DIRECT_OBJC_ISA_USAGE = YES_ERROR;
				CLANG_WARN_DOCUMENTATION_COMMENTS = YES;
				CLANG_WARN_EMPTY_BODY = YES;
				CLANG_WARN_ENUM_CONVERSION = YES;
				CLANG_WARN_INFINITE_RECURSION = YES;
				CLANG_WARN_INT_CONVERSION = YES;
				CLANG_WARN_NON_LITERAL_NULL_CONVERSION = YES;
				CLANG_WARN_OBJC_IMPLICIT_RETAIN_SELF = YES;
				CLANG_WARN_OBJC_LITERAL_CONVERSION = YES;
				CLANG_WARN_OBJC_ROOT_CLASS = YES_ERROR;
				CLANG_WARN_QUOTED_INCLUDE_IN_FRAMEWORK_HEADER = YES;
				CLANG_WARN_RANGE_LOOP_ANALYSIS = YES;
				CLANG_WARN_STRICT_PROTOTYPES = YES;
				CLANG_WARN_SUSPICIOUS_MOVE = YES;
				CLANG_WARN_UNGUARDED_AVAILABILITY = YES_AGGRESSIVE;
				CLANG_WARN_UNREACHABLE_CODE = YES;
				CLANG_WARN__DUPLICATE_METHOD_MATCH = YES;
				COPY_PHASE_STRIP = NO;
				DEBUG_INFORMATION_FORMAT = dwarf;
				DEVELOPMENT_TEAM = 469UCUB275;
				ENABLE_STRICT_OBJC_MSGSEND = YES;
				ENABLE_TESTABILITY = YES;
				ENABLE_USER_SCRIPT_SANDBOXING = YES;
				GCC_C_LANGUAGE_STANDARD = gnu17;
				GCC_DYNAMIC_NO_PIC = NO;
				GCC_NO_COMMON_BLOCKS = YES;
				GCC_OPTIMIZATION_LEVEL = 0;
				GCC_PREPROCESSOR_DEFINITIONS = (
					"DEBUG=1",
					"$(inherited)",
				);
				GCC_WARN_64_TO_32_BIT_CONVERSION = YES;
				GCC_WARN_ABOUT_RETURN_TYPE = YES_ERROR;
				GCC_WARN_UNDECLARED_SELECTOR = YES;
				GCC_WARN_UNINITIALIZED_AUTOS = YES_AGGRESSIVE;
				GCC_WARN_UNUSED_FUNCTION = YES;
				GCC_WARN_UNUSED_VARIABLE = YES;
				LOCALIZATION_PREFERS_STRING_CATALOGS = YES;
				MACOSX_DEPLOYMENT_TARGET = 14.6;
				MTL_ENABLE_DEBUG_INFO = INCLUDE_SOURCE;
				MTL_FAST_MATH = YES;
				ONLY_ACTIVE_ARCH = YES;
				SDKROOT = macosx;
				SWIFT_ACTIVE_COMPILATION_CONDITIONS = "DEBUG $(inherited)";
				SWIFT_OPTIMIZATION_LEVEL = "-Onone";
			};
			name = Debug;
		};
		EAEA33B72DF9BEAF0057E2CB /* Release */ = {
			isa = XCBuildConfiguration;
			buildSettings = {
				ALWAYS_SEARCH_USER_PATHS = NO;
				ASSETCATALOG_COMPILER_GENERATE_SWIFT_ASSET_SYMBOL_EXTENSIONS = YES;
				CLANG_ANALYZER_NONNULL = YES;
				CLANG_ANALYZER_NUMBER_OBJECT_CONVERSION = YES_AGGRESSIVE;
				CLANG_CXX_LANGUAGE_STANDARD = "gnu++20";
				CLANG_ENABLE_MODULES = YES;
				CLANG_ENABLE_OBJC_ARC = YES;
				CLANG_ENABLE_OBJC_WEAK = YES;
				CLANG_WARN_BLOCK_CAPTURE_AUTORELEASING = YES;
				CLANG_WARN_BOOL_CONVERSION = YES;
				CLANG_WARN_COMMA = YES;
				CLANG_WARN_CONSTANT_CONVERSION = YES;
				CLANG_WARN_DEPRECATED_OBJC_IMPLEMENTATIONS = YES;
				CLANG_WARN_DIRECT_OBJC_ISA_USAGE = YES_ERROR;
				CLANG_WARN_DOCUMENTATION_COMMENTS = YES;
				CLANG_WARN_EMPTY_BODY = YES;
				CLANG_WARN_ENUM_CONVERSION = YES;
				CLANG_WARN_INFINITE_RECURSION = YES;
				CLANG_WARN_INT_CONVERSION = YES;
				CLANG_WARN_NON_LITERAL_NULL_CONVERSION = YES;
				CLANG_WARN_OBJC_IMPLICIT_RETAIN_SELF = YES;
				CLANG_WARN_OBJC_LITERAL_CONVERSION = YES;
				CLANG_WARN_OBJC_ROOT_CLASS = YES_ERROR;
				CLANG_WARN_QUOTED_INCLUDE_IN_FRAMEWORK_HEADER = YES;
				CLANG_WARN_RANGE_LOOP_ANALYSIS = YES;
				CLANG_WARN_STRICT_PROTOTYPES = YES;
				CLANG_WARN_SUSPICIOUS_MOVE = YES;
				CLANG_WARN_UNGUARDED_AVAILABILITY = YES_AGGRESSIVE;
				CLANG_WARN_UNREACHABLE_CODE = YES;
				CLANG_WARN__DUPLICATE_METHOD_MATCH = YES;
				COPY_PHASE_STRIP = NO;
				DEBUG_INFORMATION_FORMAT = "dwarf-with-dsym";
				DEVELOPMENT_TEAM = 469UCUB275;
				ENABLE_NS_ASSERTIONS = NO;
				ENABLE_STRICT_OBJC_MSGSEND = YES;
				ENABLE_USER_SCRIPT_SANDBOXING = YES;
				GCC_C_LANGUAGE_STANDARD = gnu17;
				GCC_NO_COMMON_BLOCKS = YES;
				GCC_WARN_64_TO_32_BIT_CONVERSION = YES;
				GCC_WARN_ABOUT_RETURN_TYPE = YES_ERROR;
				GCC_WARN_UNDECLARED_SELECTOR = YES;
				GCC_WARN_UNINITIALIZED_AUTOS = YES_AGGRESSIVE;
				GCC_WARN_UNUSED_FUNCTION = YES;
				GCC_WARN_UNUSED_VARIABLE = YES;
				LOCALIZATION_PREFERS_STRING_CATALOGS = YES;
				MACOSX_DEPLOYMENT_TARGET = 14.6;
				MTL_ENABLE_DEBUG_INFO = NO;
				MTL_FAST_MATH = YES;
				SDKROOT = macosx;
				SWIFT_COMPILATION_MODE = wholemodule;
			};
			name = Release;
		};
		EAEA33B92DF9BEAF0057E2CB /* Debug */ = {
			isa = XCBuildConfiguration;
			buildSettings = {
				ASSETCATALOG_COMPILER_APPICON_NAME = AppIcon;
				ASSETCATALOG_COMPILER_GLOBAL_ACCENT_COLOR_NAME = AccentColor;
				CODE_SIGN_ENTITLEMENTS = WebMan/WebMan.entitlements;
				"CODE_SIGN_IDENTITY[sdk=macosx*]" = "Apple Development";
				CODE_SIGN_STYLE = Automatic;
				COMBINE_HIDPI_IMAGES = YES;
				CURRENT_PROJECT_VERSION = 2;
				DEVELOPMENT_TEAM = 469UCUB275;
				ENABLE_HARDENED_RUNTIME = YES;
				GENERATE_INFOPLIST_FILE = YES;
				INFOPLIST_KEY_LSApplicationCategoryType = "public.app-category.business";
				INFOPLIST_KEY_NSFaceIDUsageDescription = "This app uses Face ID or Touch ID to securely authenticate you with websites and services.";
				INFOPLIST_KEY_NSHumanReadableCopyright = "";
				INFOPLIST_KEY_NSMainNibFile = MainMenu;
				INFOPLIST_KEY_NSPrincipalClass = NSApplication;
				LD_RUNPATH_SEARCH_PATHS = (
					"$(inherited)",
					"@executable_path/../Frameworks",
				);
				MACOSX_DEPLOYMENT_TARGET = 14.6;
				MARKETING_VERSION = 1.0.1;
				PRODUCT_BUNDLE_IDENTIFIER = ai.fido3.webauthn.webwidow;
				PRODUCT_NAME = "$(TARGET_NAME)";
				REGISTER_APP_GROUPS = YES;
				SWIFT_EMIT_LOC_STRINGS = YES;
				SWIFT_VERSION = 5.0;
			};
			name = Debug;
		};
		EAEA33BA2DF9BEAF0057E2CB /* Release */ = {
			isa = XCBuildConfiguration;
			buildSettings = {
				ASSETCATALOG_COMPILER_APPICON_NAME = AppIcon;
				ASSETCATALOG_COMPILER_GLOBAL_ACCENT_COLOR_NAME = AccentColor;
				CODE_SIGN_ENTITLEMENTS = WebMan/WebMan.entitlements;
				"CODE_SIGN_IDENTITY[sdk=macosx*]" = "Apple Development";
				CODE_SIGN_STYLE = Automatic;
				COMBINE_HIDPI_IMAGES = YES;
				CURRENT_PROJECT_VERSION = 2;
				DEVELOPMENT_TEAM = 469UCUB275;
				ENABLE_HARDENED_RUNTIME = YES;
				GENERATE_INFOPLIST_FILE = YES;
				INFOPLIST_KEY_LSApplicationCategoryType = "public.app-category.business";
				INFOPLIST_KEY_NSFaceIDUsageDescription = "This app uses Face ID or Touch ID to securely authenticate you with websites and services.";
				INFOPLIST_KEY_NSHumanReadableCopyright = "";
				INFOPLIST_KEY_NSMainNibFile = MainMenu;
				INFOPLIST_KEY_NSPrincipalClass = NSApplication;
				LD_RUNPATH_SEARCH_PATHS = (
					"$(inherited)",
					"@executable_path/../Frameworks",
				);
				MACOSX_DEPLOYMENT_TARGET = 14.6;
				MARKETING_VERSION = 1.0.1;
				PRODUCT_BUNDLE_IDENTIFIER = ai.fido3.webauthn.webwidow;
				PRODUCT_NAME = "$(TARGET_NAME)";
				REGISTER_APP_GROUPS = YES;
				SWIFT_EMIT_LOC_STRINGS = YES;
				SWIFT_VERSION = 5.0;
			};
			name = Release;
		};
/* End XCBuildConfiguration section */

/* Begin XCConfigurationList section */
		EAEA33A62DF9BEAF0057E2CB /* Build configuration list for PBXProject "WebWidow" */ = {
			isa = XCConfigurationList;
			buildConfigurations = (
				EAEA33B62DF9BEAF0057E2CB /* Debug */,
				EAEA33B72DF9BEAF0057E2CB /* Release */,
			);
			defaultConfigurationIsVisible = 0;
			defaultConfigurationName = Release;
		};
		EAEA33B82DF9BEAF0057E2CB /* Build configuration list for PBXNativeTarget "WebWidow" */ = {
			isa = XCConfigurationList;
			buildConfigurations = (
				EAEA33B92DF9BEAF0057E2CB /* Debug */,
				EAEA33BA2DF9BEAF0057E2CB /* Release */,
			);
			defaultConfigurationIsVisible = 0;
			defaultConfigurationName = Release;
		};
/* End XCConfigurationList section */

/* Begin XCRemoteSwiftPackageReference section */
		EA7FA4CD2E2C9A18006501F6 /* XCRemoteSwiftPackageReference "DogTagClient" */ = {
			isa = XCRemoteSwiftPackageReference;
			repositoryURL = "https://github.com/webauthnai/DogTagClient.git";
			requirement = {
				kind = upToNextMajorVersion;
				minimumVersion = 1.0.8;
			};
		};
/* End XCRemoteSwiftPackageReference section */

/* Begin XCSwiftPackageProductDependency section */
		EA2A10062DFA2B20007831D5 /* DogTagClient */ = {
			isa = XCSwiftPackageProductDependency;
			productName = DogTagClient;
		};
		EA2A10112DFA31D9007831D5 /* DogTagClient */ = {
			isa = XCSwiftPackageProductDependency;
			productName = DogTagClient;
		};
		EA2A10142DFA320E007831D5 /* DogTagClient */ = {
			isa = XCSwiftPackageProductDependency;
			productName = DogTagClient;
		};
		EA4EDDF12DFE5F0900144989 /* DogTagStorage */ = {
			isa = XCSwiftPackageProductDependency;
			productName = DogTagStorage;
		};
		EA7FA4CE2E2C9A18006501F6 /* DogTagClient */ = {
			isa = XCSwiftPackageProductDependency;
			package = EA7FA4CD2E2C9A18006501F6 /* XCRemoteSwiftPackageReference "DogTagClient" */;
			productName = DogTagClient;
		};
/* End XCSwiftPackageProductDependency section */
	};
	rootObject = EAEA33A32DF9BEAF0057E2CB /* Project object */;
}
